Microsoft Visual Studio Solution File, Format Version 9.00
# Visual Studio 2005
Project("{FAE04EC0-301F-11D3-BF4B-00C04F79EFBC}") = "DXSample.Module", "DXSample.Module\DXSample.Module.csproj", "{6201B9E8-87B4-4B36-8A34-B1D776A04942}"
EndProject
Project("{FAE04EC0-301F-11D3-BF4B-00C04F79EFBC}") = "DXSample.Module.Web", "DXSample.Module.Web\DXSample.Module.Web.csproj", "{57C79175-99D8-423D-B69F-A42659BF5EF1}"
EndProject
Project("{00000000-0000-0000-0000-000000000000}") = "DXSample.Web", "DXSample.Web\DXSample.Web.csproj", "{43CF5522-1DDD-454C-9E2A-AC730D789CF7}"
EndProject
Project("{FAE04EC0-301F-11D3-BF4B-00C04F79EFBC}") = "DXSample.Module.Win", "DXSample.Module.Win\DXSample.Module.Win.csproj", "{549B5339-5B81-41A8-9BBB-FC6835658CC2}"
EndProject
Project("{FAE04EC0-301F-11D3-BF4B-00C04F79EFBC}") = "DXSample.Win", "DXSample.Win\DXSample.Win.csproj", "{CF0B270C-553F-4BD4-B801-294ADB79F433}"
EndProject
Global
	GlobalSection(SolutionConfigurationPlatforms) = preSolution
		Debug|Any CPU = Debug|Any CPU
		Release|Any CPU = Release|Any CPU
	EndGlobalSection
	GlobalSection(ProjectConfigurationPlatforms) = postSolution
		{6201B9E8-87B4-4B36-8A34-B1D776A04942}.Debug|Any CPU.ActiveCfg = Debug|Any CPU
		{6201B9E8-87B4-4B36-8A34-B1D776A04942}.Debug|Any CPU.Build.0 = Debug|Any CPU
		{6201B9E8-87B4-4B36-8A34-B1D776A04942}.Release|Any CPU.ActiveCfg = Release|Any CPU
		{6201B9E8-87B4-4B36-8A34-B1D776A04942}.Release|Any CPU.Build.0 = Release|Any CPU
		{57C79175-99D8-423D-B69F-A42659BF5EF1}.Debug|Any CPU.ActiveCfg = Debug|Any CPU
		{57C79175-99D8-423D-B69F-A42659BF5EF1}.Debug|Any CPU.Build.0 = Debug|Any CPU
		{57C79175-99D8-423D-B69F-A42659BF5EF1}.Release|Any CPU.ActiveCfg = Release|Any CPU
		{57C79175-99D8-423D-B69F-A42659BF5EF1}.Release|Any CPU.Build.0 = Release|Any CPU
		{43CF5522-1DDD-454C-9E2A-AC730D789CF7}.Debug|Any CPU.ActiveCfg = Debug|Any CPU
		{43CF5522-1DDD-454C-9E2A-AC730D789CF7}.Debug|Any CPU.Build.0 = Debug|Any CPU
		{43CF5522-1DDD-454C-9E2A-AC730D789CF7}.Release|Any CPU.ActiveCfg = Release|Any CPU
		{43CF5522-1DDD-454C-9E2A-AC730D789CF7}.Release|Any CPU.Build.0 = Release|Any CPU
		{549B5339-5B81-41A8-9BBB-FC6835658CC2}.Debug|Any CPU.ActiveCfg = Debug|Any CPU
		{549B5339-5B81-41A8-9BBB-FC6835658CC2}.Debug|Any CPU.Build.0 = Debug|Any CPU
		{549B5339-5B81-41A8-9BBB-FC6835658CC2}.Release|Any CPU.ActiveCfg = Release|Any CPU
		{549B5339-5B81-41A8-9BBB-FC6835658CC2}.Release|Any CPU.Build.0 = Release|Any CPU
		{CF0B270C-553F-4BD4-B801-294ADB79F433}.Debug|Any CPU.ActiveCfg = Debug|Any CPU
		{CF0B270C-553F-4BD4-B801-294ADB79F433}.Debug|Any CPU.Build.0 = Debug|Any CPU
		{CF0B270C-553F-4BD4-B801-294ADB79F433}.Release|Any CPU.ActiveCfg = Release|Any CPU
		{CF0B270C-553F-4BD4-B801-294ADB79F433}.Release|Any CPU.Build.0 = Release|Any CPU
	EndGlobalSection
	GlobalSection(SolutionProperties) = preSolution
		HideSolutionNode = FALSE
	EndGlobalSection
EndGlobal
